// !$*UTF8*$!
{
	archiveVersion = 1;
	classes = {
	};
	objectVersion = 55;
	objects = {

/* Begin PBXBuildFile section */
		E5258D85285C7EBE00B12CFF /* ProfileModel.swift in Sources */ = {isa = PBXBuildFile; fileRef = E5258D84285C7EBE00B12CFF /* ProfileModel.swift */; };
		E5258D89285C93B500B12CFF /* ProfileVM.swift in Sources */ = {isa = PBXBuildFile; fileRef = E5258D88285C93B500B12CFF /* ProfileVM.swift */; };
		E5258D8C285C93C900B12CFF /* ProfileVC.swift in Sources */ = {isa = PBXBuildFile; fileRef = E5258D8A285C93C900B12CFF /* ProfileVC.swift */; };
		E5258D8D285C93C900B12CFF /* ProfileVC.xib in Resources */ = {isa = PBXBuildFile; fileRef = E5258D8B285C93C900B12CFF /* ProfileVC.xib */; };
		E5258D93285C9F2200B12CFF /* ProfileTableViewCell.swift in Sources */ = {isa = PBXBuildFile; fileRef = E5258D91285C9F2200B12CFF /* ProfileTableViewCell.swift */; };
		E5258D94285C9F2200B12CFF /* ProfileTableViewCell.xib in Resources */ = {isa = PBXBuildFile; fileRef = E5258D92285C9F2200B12CFF /* ProfileTableViewCell.xib */; };
		E5258D9B285CA29400B12CFF /* AlbumModel.swift in Sources */ = {isa = PBXBuildFile; fileRef = E5258D9A285CA29400B12CFF /* AlbumModel.swift */; };
		E5258D9F285CB34800B12CFF /* ProfileHeaderView.swift in Sources */ = {isa = PBXBuildFile; fileRef = E5258D9E285CB34700B12CFF /* ProfileHeaderView.swift */; };
		E5258DA1285CB35200B12CFF /* ProfileHeaderView.xib in Resources */ = {isa = PBXBuildFile; fileRef = E5258DA0285CB35200B12CFF /* ProfileHeaderView.xib */; };
		E5258DA3285D067B00B12CFF /* UIView+Extensoin.swift in Sources */ = {isa = PBXBuildFile; fileRef = E5258DA2285D067B00B12CFF /* UIView+Extensoin.swift */; };
		E5258DAD285D0EE000B12CFF /* AlbumDetailsVM.swift in Sources */ = {isa = PBXBuildFile; fileRef = E5258DAC285D0EE000B12CFF /* AlbumDetailsVM.swift */; };
		E5258DAF285D0EEA00B12CFF /* AlbumDetailsModel.swift in Sources */ = {isa = PBXBuildFile; fileRef = E5258DAE285D0EEA00B12CFF /* AlbumDetailsModel.swift */; };
		E5258DB2285D0F0400B12CFF /* AlbumDetailsVC.swift in Sources */ = {isa = PBXBuildFile; fileRef = E5258DB0285D0F0400B12CFF /* AlbumDetailsVC.swift */; };
		E5258DB3285D0F0400B12CFF /* AlbumDetailsVC.xib in Resources */ = {isa = PBXBuildFile; fileRef = E5258DB1285D0F0400B12CFF /* AlbumDetailsVC.xib */; };
		E5258DB9285D2AED00B12CFF /* AlbumAPIs+Network.swift in Sources */ = {isa = PBXBuildFile; fileRef = E5258DB8285D2AED00B12CFF /* AlbumAPIs+Network.swift */; };
		E5339D12285B3FEE000419EC /* AppDelegate.swift in Sources */ = {isa = PBXBuildFile; fileRef = E5339D11285B3FEE000419EC /* AppDelegate.swift */; };
		E5339D14285B3FEE000419EC /* SceneDelegate.swift in Sources */ = {isa = PBXBuildFile; fileRef = E5339D13285B3FEE000419EC /* SceneDelegate.swift */; };
		E5339D1B285B3FEF000419EC /* Assets.xcassets in Resources */ = {isa = PBXBuildFile; fileRef = E5339D1A285B3FEF000419EC /* Assets.xcassets */; };
		E5339D1E285B3FEF000419EC /* LaunchScreen.storyboard in Resources */ = {isa = PBXBuildFile; fileRef = E5339D1C285B3FEF000419EC /* LaunchScreen.storyboard */; };
		E5339D29285B3FEF000419EC /* BostaTaskTests.swift in Sources */ = {isa = PBXBuildFile; fileRef = E5339D28285B3FEF000419EC /* BostaTaskTests.swift */; };
		E5339D33285B3FEF000419EC /* BostaTaskUITests.swift in Sources */ = {isa = PBXBuildFile; fileRef = E5339D32285B3FEF000419EC /* BostaTaskUITests.swift */; };
		E5339D35285B3FEF000419EC /* BostaTaskUITestsLaunchTests.swift in Sources */ = {isa = PBXBuildFile; fileRef = E5339D34285B3FEF000419EC /* BostaTaskUITestsLaunchTests.swift */; };
		E5CDFA31285B413900D00B88 /* Assets.swift in Sources */ = {isa = PBXBuildFile; fileRef = E5CDFA30285B413900D00B88 /* Assets.swift */; };
		E5CDFA3A285B480700D00B88 /* AppManager.swift in Sources */ = {isa = PBXBuildFile; fileRef = E5CDFA39285B480700D00B88 /* AppManager.swift */; };
		E5CDFA44285B497C00D00B88 /* NotificationName+Extension.swift in Sources */ = {isa = PBXBuildFile; fileRef = E5CDFA43285B497C00D00B88 /* NotificationName+Extension.swift */; };
		E5CDFA47285B4A0700D00B88 /* VCsContainer.swift in Sources */ = {isa = PBXBuildFile; fileRef = E5CDFA46285B4A0700D00B88 /* VCsContainer.swift */; };
		E5CDFA4A285B4A3A00D00B88 /* Assembler.swift in Sources */ = {isa = PBXBuildFile; fileRef = E5CDFA49285B4A3A00D00B88 /* Assembler.swift */; };
		E5CDFA4E285B4A5D00D00B88 /* ProfileAssembly.swift in Sources */ = {isa = PBXBuildFile; fileRef = E5CDFA4D285B4A5D00D00B88 /* ProfileAssembly.swift */; };
		E5CDFA50285B567E00D00B88 /* AppNavigationController.swift in Sources */ = {isa = PBXBuildFile; fileRef = E5CDFA4F285B567E00D00B88 /* AppNavigationController.swift */; };
		E5CDFA54285B572F00D00B88 /* SplashVC.swift in Sources */ = {isa = PBXBuildFile; fileRef = E5CDFA52285B572F00D00B88 /* SplashVC.swift */; };
		E5CDFA55285B572F00D00B88 /* SplashVC.xib in Resources */ = {isa = PBXBuildFile; fileRef = E5CDFA53285B572F00D00B88 /* SplashVC.xib */; };
		E5CDFA57285B57F800D00B88 /* AppAssembly.swift in Sources */ = {isa = PBXBuildFile; fileRef = E5CDFA56285B57F800D00B88 /* AppAssembly.swift */; };
		E5CDFA5E285B63D600D00B88 /* BaseVC.swift in Sources */ = {isa = PBXBuildFile; fileRef = E5CDFA5D285B63D600D00B88 /* BaseVC.swift */; };
		E5CDFA62285B64B100D00B88 /* BaseVM.swift in Sources */ = {isa = PBXBuildFile; fileRef = E5CDFA61285B64B100D00B88 /* BaseVM.swift */; };
		E5CDFA75285BC09A00D00B88 /* Reachability in Frameworks */ = {isa = PBXBuildFile; productRef = E5CDFA74285BC09A00D00B88 /* Reachability */; };
		E5CDFA78285BC0B900D00B88 /* Swinject in Frameworks */ = {isa = PBXBuildFile; productRef = E5CDFA77285BC0B900D00B88 /* Swinject */; };
		E5CDFA7B285BC14600D00B88 /* SwiftMessages in Frameworks */ = {isa = PBXBuildFile; productRef = E5CDFA7A285BC14600D00B88 /* SwiftMessages */; };
		E5CDFA84285BC41200D00B88 /* NoInternetView.xib in Resources */ = {isa = PBXBuildFile; fileRef = E5CDFA80285BC41200D00B88 /* NoInternetView.xib */; };
		E5CDFA85285BC41200D00B88 /* NoInternetView.swift in Sources */ = {isa = PBXBuildFile; fileRef = E5CDFA82285BC41200D00B88 /* NoInternetView.swift */; };
		E5CDFA8A285BC58700D00B88 /* Loader.swift in Sources */ = {isa = PBXBuildFile; fileRef = E5CDFA88285BC58600D00B88 /* Loader.swift */; };
		E5CDFA92285BC9EC00D00B88 /* NetworkManager.swift in Sources */ = {isa = PBXBuildFile; fileRef = E5CDFA91285BC9EC00D00B88 /* NetworkManager.swift */; };
		E5CDFA98285BCC6100D00B88 /* Moya in Frameworks */ = {isa = PBXBuildFile; productRef = E5CDFA97285BCC6100D00B88 /* Moya */; };
		E5CDFA9B285BCD5F00D00B88 /* ErrorHandler.swift in Sources */ = {isa = PBXBuildFile; fileRef = E5CDFA9A285BCD5F00D00B88 /* ErrorHandler.swift */; };
		E5CDFA9D285BCED300D00B88 /* NetworkDefaults.swift in Sources */ = {isa = PBXBuildFile; fileRef = E5CDFA9C285BCED300D00B88 /* NetworkDefaults.swift */; };
		E5CDFAA1285BD0EF00D00B88 /* NetworkManager+Extension.swift in Sources */ = {isa = PBXBuildFile; fileRef = E5CDFAA0285BD0EF00D00B88 /* NetworkManager+Extension.swift */; };
		E5CDFAA4285BD4C000D00B88 /* ProfileAPIs.swift in Sources */ = {isa = PBXBuildFile; fileRef = E5CDFAA3285BD4C000D00B88 /* ProfileAPIs.swift */; };
		E5CDFAA6285BD4CD00D00B88 /* AlbumsAPIs.swift in Sources */ = {isa = PBXBuildFile; fileRef = E5CDFAA5285BD4CD00D00B88 /* AlbumsAPIs.swift */; };
		E5CDFAAA285BD5F400D00B88 /* ProfileAPIs+Network.swift in Sources */ = {isa = PBXBuildFile; fileRef = E5CDFAA9285BD5F400D00B88 /* ProfileAPIs+Network.swift */; };
/* End PBXBuildFile section */

/* Begin PBXContainerItemProxy section */
		E5339D25285B3FEF000419EC /* PBXContainerItemProxy */ = {
			isa = PBXContainerItemProxy;
			containerPortal = E5339D06285B3FED000419EC /* Project object */;
			proxyType = 1;
			remoteGlobalIDString = E5339D0D285B3FEE000419EC;
			remoteInfo = BostaTask;
		};
		E5339D2F285B3FEF000419EC /* PBXContainerItemProxy */ = {
			isa = PBXContainerItemProxy;
			containerPortal = E5339D06285B3FED000419EC /* Project object */;
			proxyType = 1;
			remoteGlobalIDString = E5339D0D285B3FEE000419EC;
			remoteInfo = BostaTask;
		};
/* End PBXContainerItemProxy section */

/* Begin PBXFileReference section */
		E5258D84285C7EBE00B12CFF /* ProfileModel.swift */ = {isa = PBXFileReference; lastKnownFileType = sourcecode.swift; path = ProfileModel.swift; sourceTree = "<group>"; };
		E5258D88285C93B500B12CFF /* ProfileVM.swift */ = {isa = PBXFileReference; lastKnownFileType = sourcecode.swift; path = ProfileVM.swift; sourceTree = "<group>"; };
		E5258D8A285C93C900B12CFF /* ProfileVC.swift */ = {isa = PBXFileReference; lastKnownFileType = sourcecode.swift; path = ProfileVC.swift; sourceTree = "<group>"; };
		E5258D8B285C93C900B12CFF /* ProfileVC.xib */ = {isa = PBXFileReference; lastKnownFileType = file.xib; path = ProfileVC.xib; sourceTree = "<group>"; };
		E5258D91285C9F2200B12CFF /* ProfileTableViewCell.swift */ = {isa = PBXFileReference; lastKnownFileType = sourcecode.swift; path = ProfileTableViewCell.swift; sourceTree = "<group>"; };
		E5258D92285C9F2200B12CFF /* ProfileTableViewCell.xib */ = {isa = PBXFileReference; lastKnownFileType = file.xib; path = ProfileTableViewCell.xib; sourceTree = "<group>"; };
		E5258D9A285CA29400B12CFF /* AlbumModel.swift */ = {isa = PBXFileReference; lastKnownFileType = sourcecode.swift; path = AlbumModel.swift; sourceTree = "<group>"; };
		E5258D9E285CB34700B12CFF /* ProfileHeaderView.swift */ = {isa = PBXFileReference; lastKnownFileType = sourcecode.swift; path = ProfileHeaderView.swift; sourceTree = "<group>"; };
		E5258DA0285CB35200B12CFF /* ProfileHeaderView.xib */ = {isa = PBXFileReference; lastKnownFileType = file.xib; path = ProfileHeaderView.xib; sourceTree = "<group>"; };
		E5258DA2285D067B00B12CFF /* UIView+Extensoin.swift */ = {isa = PBXFileReference; lastKnownFileType = sourcecode.swift; path = "UIView+Extensoin.swift"; sourceTree = "<group>"; };
		E5258DAC285D0EE000B12CFF /* AlbumDetailsVM.swift */ = {isa = PBXFileReference; lastKnownFileType = sourcecode.swift; path = AlbumDetailsVM.swift; sourceTree = "<group>"; };
		E5258DAE285D0EEA00B12CFF /* AlbumDetailsModel.swift */ = {isa = PBXFileReference; lastKnownFileType = sourcecode.swift; path = AlbumDetailsModel.swift; sourceTree = "<group>"; };
		E5258DB0285D0F0400B12CFF /* AlbumDetailsVC.swift */ = {isa = PBXFileReference; lastKnownFileType = sourcecode.swift; path = AlbumDetailsVC.swift; sourceTree = "<group>"; };
		E5258DB1285D0F0400B12CFF /* AlbumDetailsVC.xib */ = {isa = PBXFileReference; lastKnownFileType = file.xib; path = AlbumDetailsVC.xib; sourceTree = "<group>"; };
		E5258DB8285D2AED00B12CFF /* AlbumAPIs+Network.swift */ = {isa = PBXFileReference; lastKnownFileType = sourcecode.swift; path = "AlbumAPIs+Network.swift"; sourceTree = "<group>"; };
		E5339D0E285B3FEE000419EC /* BostaTask.app */ = {isa = PBXFileReference; explicitFileType = wrapper.application; includeInIndex = 0; path = BostaTask.app; sourceTree = BUILT_PRODUCTS_DIR; };
		E5339D11285B3FEE000419EC /* AppDelegate.swift */ = {isa = PBXFileReference; lastKnownFileType = sourcecode.swift; path = AppDelegate.swift; sourceTree = "<group>"; };
		E5339D13285B3FEE000419EC /* SceneDelegate.swift */ = {isa = PBXFileReference; lastKnownFileType = sourcecode.swift; path = SceneDelegate.swift; sourceTree = "<group>"; };
		E5339D1A285B3FEF000419EC /* Assets.xcassets */ = {isa = PBXFileReference; lastKnownFileType = folder.assetcatalog; path = Assets.xcassets; sourceTree = "<group>"; };
		E5339D1D285B3FEF000419EC /* Base */ = {isa = PBXFileReference; lastKnownFileType = file.storyboard; name = Base; path = Base.lproj/LaunchScreen.storyboard; sourceTree = "<group>"; };
		E5339D1F285B3FEF000419EC /* Info.plist */ = {isa = PBXFileReference; lastKnownFileType = text.plist.xml; path = Info.plist; sourceTree = "<group>"; };
		E5339D24285B3FEF000419EC /* BostaTaskTests.xctest */ = {isa = PBXFileReference; explicitFileType = wrapper.cfbundle; includeInIndex = 0; path = BostaTaskTests.xctest; sourceTree = BUILT_PRODUCTS_DIR; };
		E5339D28285B3FEF000419EC /* BostaTaskTests.swift */ = {isa = PBXFileReference; lastKnownFileType = sourcecode.swift; path = BostaTaskTests.swift; sourceTree = "<group>"; };
		E5339D2E285B3FEF000419EC /* BostaTaskUITests.xctest */ = {isa = PBXFileReference; explicitFileType = wrapper.cfbundle; includeInIndex = 0; path = BostaTaskUITests.xctest; sourceTree = BUILT_PRODUCTS_DIR; };
		E5339D32285B3FEF000419EC /* BostaTaskUITests.swift */ = {isa = PBXFileReference; lastKnownFileType = sourcecode.swift; path = BostaTaskUITests.swift; sourceTree = "<group>"; };
		E5339D34285B3FEF000419EC /* BostaTaskUITestsLaunchTests.swift */ = {isa = PBXFileReference; lastKnownFileType = sourcecode.swift; path = BostaTaskUITestsLaunchTests.swift; sourceTree = "<group>"; };
		E5CDFA30285B413900D00B88 /* Assets.swift */ = {isa = PBXFileReference; lastKnownFileType = sourcecode.swift; path = Assets.swift; sourceTree = "<group>"; };
		E5CDFA39285B480700D00B88 /* AppManager.swift */ = {isa = PBXFileReference; lastKnownFileType = sourcecode.swift; path = AppManager.swift; sourceTree = "<group>"; };
		E5CDFA43285B497C00D00B88 /* NotificationName+Extension.swift */ = {isa = PBXFileReference; lastKnownFileType = sourcecode.swift; path = "NotificationName+Extension.swift"; sourceTree = "<group>"; };
		E5CDFA46285B4A0700D00B88 /* VCsContainer.swift */ = {isa = PBXFileReference; lastKnownFileType = sourcecode.swift; path = VCsContainer.swift; sourceTree = "<group>"; };
		E5CDFA49285B4A3A00D00B88 /* Assembler.swift */ = {isa = PBXFileReference; lastKnownFileType = sourcecode.swift; path = Assembler.swift; sourceTree = "<group>"; };
		E5CDFA4D285B4A5D00D00B88 /* ProfileAssembly.swift */ = {isa = PBXFileReference; lastKnownFileType = sourcecode.swift; path = ProfileAssembly.swift; sourceTree = "<group>"; };
		E5CDFA4F285B567E00D00B88 /* AppNavigationController.swift */ = {isa = PBXFileReference; lastKnownFileType = sourcecode.swift; path = AppNavigationController.swift; sourceTree = "<group>"; };
		E5CDFA52285B572F00D00B88 /* SplashVC.swift */ = {isa = PBXFileReference; lastKnownFileType = sourcecode.swift; path = SplashVC.swift; sourceTree = "<group>"; };
		E5CDFA53285B572F00D00B88 /* SplashVC.xib */ = {isa = PBXFileReference; lastKnownFileType = file.xib; path = SplashVC.xib; sourceTree = "<group>"; };
		E5CDFA56285B57F800D00B88 /* AppAssembly.swift */ = {isa = PBXFileReference; lastKnownFileType = sourcecode.swift; path = AppAssembly.swift; sourceTree = "<group>"; };
		E5CDFA5D285B63D600D00B88 /* BaseVC.swift */ = {isa = PBXFileReference; lastKnownFileType = sourcecode.swift; path = BaseVC.swift; sourceTree = "<group>"; };
		E5CDFA61285B64B100D00B88 /* BaseVM.swift */ = {isa = PBXFileReference; lastKnownFileType = sourcecode.swift; path = BaseVM.swift; sourceTree = "<group>"; };
		E5CDFA81285BC41200D00B88 /* Base */ = {isa = PBXFileReference; lastKnownFileType = file.xib; name = Base; path = Base.lproj/NoInternetView.xib; sourceTree = "<group>"; };
		E5CDFA82285BC41200D00B88 /* NoInternetView.swift */ = {isa = PBXFileReference; fileEncoding = 4; lastKnownFileType = sourcecode.swift; path = NoInternetView.swift; sourceTree = "<group>"; };
		E5CDFA88285BC58600D00B88 /* Loader.swift */ = {isa = PBXFileReference; fileEncoding = 4; lastKnownFileType = sourcecode.swift; path = Loader.swift; sourceTree = "<group>"; };
		E5CDFA91285BC9EC00D00B88 /* NetworkManager.swift */ = {isa = PBXFileReference; lastKnownFileType = sourcecode.swift; path = NetworkManager.swift; sourceTree = "<group>"; };
		E5CDFA9A285BCD5F00D00B88 /* ErrorHandler.swift */ = {isa = PBXFileReference; lastKnownFileType = sourcecode.swift; path = ErrorHandler.swift; sourceTree = "<group>"; };
		E5CDFA9C285BCED300D00B88 /* NetworkDefaults.swift */ = {isa = PBXFileReference; lastKnownFileType = sourcecode.swift; path = NetworkDefaults.swift; sourceTree = "<group>"; };
		E5CDFAA0285BD0EF00D00B88 /* NetworkManager+Extension.swift */ = {isa = PBXFileReference; lastKnownFileType = sourcecode.swift; path = "NetworkManager+Extension.swift"; sourceTree = "<group>"; };
		E5CDFAA3285BD4C000D00B88 /* ProfileAPIs.swift */ = {isa = PBXFileReference; lastKnownFileType = sourcecode.swift; path = ProfileAPIs.swift; sourceTree = "<group>"; };
		E5CDFAA5285BD4CD00D00B88 /* AlbumsAPIs.swift */ = {isa = PBXFileReference; lastKnownFileType = sourcecode.swift; path = AlbumsAPIs.swift; sourceTree = "<group>"; };
		E5CDFAA9285BD5F400D00B88 /* ProfileAPIs+Network.swift */ = {isa = PBXFileReference; lastKnownFileType = sourcecode.swift; path = "ProfileAPIs+Network.swift"; sourceTree = "<group>"; };
/* End PBXFileReference section */

/* Begin PBXFrameworksBuildPhase section */
		E5339D0B285B3FEE000419EC /* Frameworks */ = {
			isa = PBXFrameworksBuildPhase;
			buildActionMask = 2147483647;
			files = (
				E5CDFA75285BC09A00D00B88 /* Reachability in Frameworks */,
				E5CDFA7B285BC14600D00B88 /* SwiftMessages in Frameworks */,
				E5CDFA98285BCC6100D00B88 /* Moya in Frameworks */,
				E5CDFA78285BC0B900D00B88 /* Swinject in Frameworks */,
			);
			runOnlyForDeploymentPostprocessing = 0;
		};
		E5339D21285B3FEF000419EC /* Frameworks */ = {
			isa = PBXFrameworksBuildPhase;
			buildActionMask = 2147483647;
			files = (
			);
			runOnlyForDeploymentPostprocessing = 0;
		};
		E5339D2B285B3FEF000419EC /* Frameworks */ = {
			isa = PBXFrameworksBuildPhase;
			buildActionMask = 2147483647;
			files = (
			);
			runOnlyForDeploymentPostprocessing = 0;
		};
/* End PBXFrameworksBuildPhase section */

/* Begin PBXGroup section */
		E5258D8E285C93DD00B12CFF /* TableViewCells */ = {
			isa = PBXGroup;
			children = (
				E5258D90285C9F0C00B12CFF /* ProfileTableViewCell */,
			);
			path = TableViewCells;
			sourceTree = "<group>";
		};
		E5258D90285C9F0C00B12CFF /* ProfileTableViewCell */ = {
			isa = PBXGroup;
			children = (
				E5258D91285C9F2200B12CFF /* ProfileTableViewCell.swift */,
				E5258D92285C9F2200B12CFF /* ProfileTableViewCell.xib */,
			);
			path = ProfileTableViewCell;
			sourceTree = "<group>";
		};
		E5258D9C285CB31300B12CFF /* TableViewHeaders */ = {
			isa = PBXGroup;
			children = (
				E5258D9D285CB31B00B12CFF /* ProfileHeaderView */,
			);
			path = TableViewHeaders;
			sourceTree = "<group>";
		};
		E5258D9D285CB31B00B12CFF /* ProfileHeaderView */ = {
			isa = PBXGroup;
			children = (
				E5258D9E285CB34700B12CFF /* ProfileHeaderView.swift */,
				E5258DA0285CB35200B12CFF /* ProfileHeaderView.xib */,
			);
			path = ProfileHeaderView;
			sourceTree = "<group>";
		};
		E5258DA8285D0EAF00B12CFF /* Album Details */ = {
			isa = PBXGroup;
			children = (
				E5258DAA285D0ECA00B12CFF /* Model */,
				E5258DAB285D0ED000B12CFF /* ViewModel */,
				E5258DA9285D0EB800B12CFF /* View */,
			);
			path = "Album Details";
			sourceTree = "<group>";
		};
		E5258DA9285D0EB800B12CFF /* View */ = {
			isa = PBXGroup;
			children = (
				E5258DB0285D0F0400B12CFF /* AlbumDetailsVC.swift */,
				E5258DB1285D0F0400B12CFF /* AlbumDetailsVC.xib */,
			);
			path = View;
			sourceTree = "<group>";
		};
		E5258DAA285D0ECA00B12CFF /* Model */ = {
			isa = PBXGroup;
			children = (
				E5258DAE285D0EEA00B12CFF /* AlbumDetailsModel.swift */,
			);
			path = Model;
			sourceTree = "<group>";
		};
		E5258DAB285D0ED000B12CFF /* ViewModel */ = {
			isa = PBXGroup;
			children = (
				E5258DAC285D0EE000B12CFF /* AlbumDetailsVM.swift */,
			);
			path = ViewModel;
			sourceTree = "<group>";
		};
		E5258DBA285D323A00B12CFF /* BaseViewModel */ = {
			isa = PBXGroup;
			children = (
				E5CDFA61285B64B100D00B88 /* BaseVM.swift */,
			);
			path = BaseViewModel;
			sourceTree = "<group>";
		};
		E5339D05285B3FED000419EC = {
			isa = PBXGroup;
			children = (
				E5339D10285B3FEE000419EC /* BostaTask */,
				E5339D27285B3FEF000419EC /* BostaTaskTests */,
				E5339D31285B3FEF000419EC /* BostaTaskUITests */,
				E5339D0F285B3FEE000419EC /* Products */,
			);
			sourceTree = "<group>";
		};
		E5339D0F285B3FEE000419EC /* Products */ = {
			isa = PBXGroup;
			children = (
				E5339D0E285B3FEE000419EC /* BostaTask.app */,
				E5339D24285B3FEF000419EC /* BostaTaskTests.xctest */,
				E5339D2E285B3FEF000419EC /* BostaTaskUITests.xctest */,
			);
			name = Products;
			sourceTree = "<group>";
		};
		E5339D10285B3FEE000419EC /* BostaTask */ = {
			isa = PBXGroup;
			children = (
				E5CDFA2B285B408E00D00B88 /* App Delegate */,
				E5CDFA5B285B63B400D00B88 /* Base */,
				E5CDFA32285B423000D00B88 /* Services */,
				E5CDFA42285B496C00D00B88 /* Extensions */,
				E5258D8E285C93DD00B12CFF /* TableViewCells */,
				E5258D9C285CB31300B12CFF /* TableViewHeaders */,
				E5CDFA34285B432700D00B88 /* Features */,
				E5CDFA8F285BC8A500D00B88 /* Network */,
				E5CDFA2F285B410000D00B88 /* Resources */,
				E5CDFA2C285B40B600D00B88 /* UI */,
				E5CDFA2D285B40E200D00B88 /* Supporting Files */,
			);
			path = BostaTask;
			sourceTree = "<group>";
		};
		E5339D27285B3FEF000419EC /* BostaTaskTests */ = {
			isa = PBXGroup;
			children = (
				E5339D28285B3FEF000419EC /* BostaTaskTests.swift */,
			);
			path = BostaTaskTests;
			sourceTree = "<group>";
		};
		E5339D31285B3FEF000419EC /* BostaTaskUITests */ = {
			isa = PBXGroup;
			children = (
				E5339D32285B3FEF000419EC /* BostaTaskUITests.swift */,
				E5339D34285B3FEF000419EC /* BostaTaskUITestsLaunchTests.swift */,
			);
			path = BostaTaskUITests;
			sourceTree = "<group>";
		};
		E5CDFA2B285B408E00D00B88 /* App Delegate */ = {
			isa = PBXGroup;
			children = (
				E5339D11285B3FEE000419EC /* AppDelegate.swift */,
				E5339D13285B3FEE000419EC /* SceneDelegate.swift */,
			);
			path = "App Delegate";
			sourceTree = "<group>";
		};
		E5CDFA2C285B40B600D00B88 /* UI */ = {
			isa = PBXGroup;
			children = (
				E5CDFA51285B571900D00B88 /* SlashScene */,
				E5339D1C285B3FEF000419EC /* LaunchScreen.storyboard */,
			);
			path = UI;
			sourceTree = "<group>";
		};
		E5CDFA2D285B40E200D00B88 /* Supporting Files */ = {
			isa = PBXGroup;
			children = (
				E5339D1F285B3FEF000419EC /* Info.plist */,
			);
			path = "Supporting Files";
			sourceTree = "<group>";
		};
		E5CDFA2E285B40F900D00B88 /* Assets */ = {
			isa = PBXGroup;
			children = (
				E5339D1A285B3FEF000419EC /* Assets.xcassets */,
				E5CDFA30285B413900D00B88 /* Assets.swift */,
			);
			path = Assets;
			sourceTree = "<group>";
		};
		E5CDFA2F285B410000D00B88 /* Resources */ = {
			isa = PBXGroup;
			children = (
				E5CDFA2E285B40F900D00B88 /* Assets */,
			);
			path = Resources;
			sourceTree = "<group>";
		};
		E5CDFA32285B423000D00B88 /* Services */ = {
			isa = PBXGroup;
			children = (
				E5CDFA48285B4A2B00D00B88 /* Assemblers */,
				E5CDFA45285B49E500D00B88 /* Containers */,
				E5CDFA59285B5C7400D00B88 /* AppManager */,
				E5CDFA5A285B5C7E00D00B88 /* AppNavigationContoller */,
			);
			path = Services;
			sourceTree = "<group>";
		};
		E5CDFA34285B432700D00B88 /* Features */ = {
			isa = PBXGroup;
			children = (
				E5258DA8285D0EAF00B12CFF /* Album Details */,
				E5CDFA35285B432E00D00B88 /* User Profile */,
			);
			path = Features;
			sourceTree = "<group>";
		};
		E5CDFA35285B432E00D00B88 /* User Profile */ = {
			isa = PBXGroup;
			children = (
				E5CDFA38285B435500D00B88 /* Model */,
				E5CDFA37285B434B00D00B88 /* View Model */,
				E5CDFA36285B434700D00B88 /* View */,
			);
			path = "User Profile";
			sourceTree = "<group>";
		};
		E5CDFA36285B434700D00B88 /* View */ = {
			isa = PBXGroup;
			children = (
				E5258D8A285C93C900B12CFF /* ProfileVC.swift */,
				E5258D8B285C93C900B12CFF /* ProfileVC.xib */,
			);
			path = View;
			sourceTree = "<group>";
		};
		E5CDFA37285B434B00D00B88 /* View Model */ = {
			isa = PBXGroup;
			children = (
				E5258D88285C93B500B12CFF /* ProfileVM.swift */,
			);
			path = "View Model";
			sourceTree = "<group>";
		};
		E5CDFA38285B435500D00B88 /* Model */ = {
			isa = PBXGroup;
			children = (
				E5258D84285C7EBE00B12CFF /* ProfileModel.swift */,
				E5258D9A285CA29400B12CFF /* AlbumModel.swift */,
			);
			path = Model;
			sourceTree = "<group>";
		};
		E5CDFA42285B496C00D00B88 /* Extensions */ = {
			isa = PBXGroup;
			children = (
				E5CDFA43285B497C00D00B88 /* NotificationName+Extension.swift */,
				E5258DA2285D067B00B12CFF /* UIView+Extensoin.swift */,
			);
			path = Extensions;
			sourceTree = "<group>";
		};
		E5CDFA45285B49E500D00B88 /* Containers */ = {
			isa = PBXGroup;
			children = (
				E5CDFA46285B4A0700D00B88 /* VCsContainer.swift */,
			);
			path = Containers;
			sourceTree = "<group>";
		};
		E5CDFA48285B4A2B00D00B88 /* Assemblers */ = {
			isa = PBXGroup;
			children = (
				E5CDFA49285B4A3A00D00B88 /* Assembler.swift */,
				E5CDFA56285B57F800D00B88 /* AppAssembly.swift */,
				E5CDFA4D285B4A5D00D00B88 /* ProfileAssembly.swift */,
			);
			path = Assemblers;
			sourceTree = "<group>";
		};
		E5CDFA51285B571900D00B88 /* SlashScene */ = {
			isa = PBXGroup;
			children = (
				E5CDFA52285B572F00D00B88 /* SplashVC.swift */,
				E5CDFA53285B572F00D00B88 /* SplashVC.xib */,
			);
			path = SlashScene;
			sourceTree = "<group>";
		};
		E5CDFA59285B5C7400D00B88 /* AppManager */ = {
			isa = PBXGroup;
			children = (
				E5CDFA39285B480700D00B88 /* AppManager.swift */,
			);
			path = AppManager;
			sourceTree = "<group>";
		};
		E5CDFA5A285B5C7E00D00B88 /* AppNavigationContoller */ = {
			isa = PBXGroup;
			children = (
				E5CDFA4F285B567E00D00B88 /* AppNavigationController.swift */,
			);
			path = AppNavigationContoller;
			sourceTree = "<group>";
		};
		E5CDFA5B285B63B400D00B88 /* Base */ = {
			isa = PBXGroup;
			children = (
				E5CDFA87285BC58600D00B88 /* Loader */,
				E5CDFA7D285BC41200D00B88 /* No Internet view */,
				E5CDFA5C285B63C100D00B88 /* BaseView */,
				E5258DBA285D323A00B12CFF /* BaseViewModel */,
			);
			path = Base;
			sourceTree = "<group>";
		};
		E5CDFA5C285B63C100D00B88 /* BaseView */ = {
			isa = PBXGroup;
			children = (
				E5CDFA5D285B63D600D00B88 /* BaseVC.swift */,
			);
			path = BaseView;
			sourceTree = "<group>";
		};
		E5CDFA7D285BC41200D00B88 /* No Internet view */ = {
			isa = PBXGroup;
			children = (
				E5CDFA82285BC41200D00B88 /* NoInternetView.swift */,
				E5CDFA80285BC41200D00B88 /* NoInternetView.xib */,
			);
			path = "No Internet view";
			sourceTree = "<group>";
		};
		E5CDFA87285BC58600D00B88 /* Loader */ = {
			isa = PBXGroup;
			children = (
				E5CDFA88285BC58600D00B88 /* Loader.swift */,
			);
			path = Loader;
			sourceTree = "<group>";
		};
		E5CDFA8F285BC8A500D00B88 /* Network */ = {
			isa = PBXGroup;
			children = (
				E5CDFAA2285BD4A500D00B88 /* APIs */,
				E5CDFA99285BCD4900D00B88 /* Error */,
				E5CDFA90285BC9DE00D00B88 /* Core */,
			);
			path = Network;
			sourceTree = "<group>";
		};
		E5CDFA90285BC9DE00D00B88 /* Core */ = {
			isa = PBXGroup;
			children = (
				E5CDFA91285BC9EC00D00B88 /* NetworkManager.swift */,
				E5CDFA9C285BCED300D00B88 /* NetworkDefaults.swift */,
				E5CDFAA0285BD0EF00D00B88 /* NetworkManager+Extension.swift */,
			);
			path = Core;
			sourceTree = "<group>";
		};
		E5CDFA99285BCD4900D00B88 /* Error */ = {
			isa = PBXGroup;
			children = (
				E5CDFA9A285BCD5F00D00B88 /* ErrorHandler.swift */,
			);
			path = Error;
			sourceTree = "<group>";
		};
		E5CDFAA2285BD4A500D00B88 /* APIs */ = {
			isa = PBXGroup;
			children = (
				E5CDFAA7285BD5BC00D00B88 /* Profile */,
				E5CDFAA8285BD5C600D00B88 /* Albums */,
			);
			path = APIs;
			sourceTree = "<group>";
		};
		E5CDFAA7285BD5BC00D00B88 /* Profile */ = {
			isa = PBXGroup;
			children = (
				E5CDFAA3285BD4C000D00B88 /* ProfileAPIs.swift */,
				E5CDFAA9285BD5F400D00B88 /* ProfileAPIs+Network.swift */,
			);
			path = Profile;
			sourceTree = "<group>";
		};
		E5CDFAA8285BD5C600D00B88 /* Albums */ = {
			isa = PBXGroup;
			children = (
				E5CDFAA5285BD4CD00D00B88 /* AlbumsAPIs.swift */,
				E5258DB8285D2AED00B12CFF /* AlbumAPIs+Network.swift */,
			);
			path = Albums;
			sourceTree = "<group>";
		};
/* End PBXGroup section */

/* Begin PBXNativeTarget section */
		E5339D0D285B3FEE000419EC /* BostaTask */ = {
			isa = PBXNativeTarget;
			buildConfigurationList = E5339D38285B3FEF000419EC /* Build configuration list for PBXNativeTarget "BostaTask" */;
			buildPhases = (
				E5339D0A285B3FEE000419EC /* Sources */,
				E5339D0B285B3FEE000419EC /* Frameworks */,
				E5339D0C285B3FEE000419EC /* Resources */,
				E5CDFA33285B430C00D00B88 /* SwiftGen */,
			);
			buildRules = (
			);
			dependencies = (
			);
			name = BostaTask;
			packageProductDependencies = (
				E5CDFA74285BC09A00D00B88 /* Reachability */,
				E5CDFA77285BC0B900D00B88 /* Swinject */,
				E5CDFA7A285BC14600D00B88 /* SwiftMessages */,
				E5CDFA97285BCC6100D00B88 /* Moya */,
			);
			productName = BostaTask;
			productReference = E5339D0E285B3FEE000419EC /* BostaTask.app */;
			productType = "com.apple.product-type.application";
		};
		E5339D23285B3FEF000419EC /* BostaTaskTests */ = {
			isa = PBXNativeTarget;
			buildConfigurationList = E5339D3B285B3FEF000419EC /* Build configuration list for PBXNativeTarget "BostaTaskTests" */;
			buildPhases = (
				E5339D20285B3FEF000419EC /* Sources */,
				E5339D21285B3FEF000419EC /* Frameworks */,
				E5339D22285B3FEF000419EC /* Resources */,
			);
			buildRules = (
			);
			dependencies = (
				E5339D26285B3FEF000419EC /* PBXTargetDependency */,
			);
			name = BostaTaskTests;
			productName = BostaTaskTests;
			productReference = E5339D24285B3FEF000419EC /* BostaTaskTests.xctest */;
			productType = "com.apple.product-type.bundle.unit-test";
		};
		E5339D2D285B3FEF000419EC /* BostaTaskUITests */ = {
			isa = PBXNativeTarget;
			buildConfigurationList = E5339D3E285B3FEF000419EC /* Build configuration list for PBXNativeTarget "BostaTaskUITests" */;
			buildPhases = (
				E5339D2A285B3FEF000419EC /* Sources */,
				E5339D2B285B3FEF000419EC /* Frameworks */,
				E5339D2C285B3FEF000419EC /* Resources */,
			);
			buildRules = (
			);
			dependencies = (
				E5339D30285B3FEF000419EC /* PBXTargetDependency */,
			);
			name = BostaTaskUITests;
			productName = BostaTaskUITests;
			productReference = E5339D2E285B3FEF000419EC /* BostaTaskUITests.xctest */;
			productType = "com.apple.product-type.bundle.ui-testing";
		};
/* End PBXNativeTarget section */

/* Begin PBXProject section */
		E5339D06285B3FED000419EC /* Project object */ = {
			isa = PBXProject;
			attributes = {
				BuildIndependentTargetsInParallel = 1;
				LastSwiftUpdateCheck = 1340;
				LastUpgradeCheck = 1340;
				TargetAttributes = {
					E5339D0D285B3FEE000419EC = {
						CreatedOnToolsVersion = 13.4.1;
					};
					E5339D23285B3FEF000419EC = {
						CreatedOnToolsVersion = 13.4.1;
						TestTargetID = E5339D0D285B3FEE000419EC;
					};
					E5339D2D285B3FEF000419EC = {
						CreatedOnToolsVersion = 13.4.1;
						TestTargetID = E5339D0D285B3FEE000419EC;
					};
				};
			};
			buildConfigurationList = E5339D09285B3FEE000419EC /* Build configuration list for PBXProject "BostaTask" */;
			compatibilityVersion = "Xcode 13.0";
			developmentRegion = en;
			hasScannedForEncodings = 0;
			knownRegions = (
				en,
				Base,
			);
			mainGroup = E5339D05285B3FED000419EC;
			packageReferences = (
				E5CDFA73285BC09A00D00B88 /* XCRemoteSwiftPackageReference "Reachability" */,
				E5CDFA76285BC0B900D00B88 /* XCRemoteSwiftPackageReference "Swinject" */,
				E5CDFA79285BC14600D00B88 /* XCRemoteSwiftPackageReference "SwiftMessages" */,
				E5CDFA96285BCC6100D00B88 /* XCRemoteSwiftPackageReference "Moya" */,
			);
			productRefGroup = E5339D0F285B3FEE000419EC /* Products */;
			projectDirPath = "";
			projectRoot = "";
			targets = (
				E5339D0D285B3FEE000419EC /* BostaTask */,
				E5339D23285B3FEF000419EC /* BostaTaskTests */,
				E5339D2D285B3FEF000419EC /* BostaTaskUITests */,
			);
		};
/* End PBXProject section */

/* Begin PBXResourcesBuildPhase section */
		E5339D0C285B3FEE000419EC /* Resources */ = {
			isa = PBXResourcesBuildPhase;
			buildActionMask = 2147483647;
			files = (
				E5CDFA55285B572F00D00B88 /* SplashVC.xib in Resources */,
				E5339D1E285B3FEF000419EC /* LaunchScreen.storyboard in Resources */,
				E5339D1B285B3FEF000419EC /* Assets.xcassets in Resources */,
				E5258DB3285D0F0400B12CFF /* AlbumDetailsVC.xib in Resources */,
				E5CDFA84285BC41200D00B88 /* NoInternetView.xib in Resources */,
				E5258D8D285C93C900B12CFF /* ProfileVC.xib in Resources */,
				E5258DA1285CB35200B12CFF /* ProfileHeaderView.xib in Resources */,
				E5258D94285C9F2200B12CFF /* ProfileTableViewCell.xib in Resources */,
			);
			runOnlyForDeploymentPostprocessing = 0;
		};
		E5339D22285B3FEF000419EC /* Resources */ = {
			isa = PBXResourcesBuildPhase;
			buildActionMask = 2147483647;
			files = (
			);
			runOnlyForDeploymentPostprocessing = 0;
		};
		E5339D2C285B3FEF000419EC /* Resources */ = {
			isa = PBXResourcesBuildPhase;
			buildActionMask = 2147483647;
			files = (
			);
			runOnlyForDeploymentPostprocessing = 0;
		};
/* End PBXResourcesBuildPhase section */

/* Begin PBXShellScriptBuildPhase section */
		E5CDFA33285B430C00D00B88 /* SwiftGen */ = {
			isa = PBXShellScriptBuildPhase;
			buildActionMask = 2147483647;
			files = (
			);
			inputFileListPaths = (
			);
			inputPaths = (
			);
			name = SwiftGen;
			outputFileListPaths = (
			);
			outputPaths = (
			);
			runOnlyForDeploymentPostprocessing = 0;
			shellPath = /bin/sh;
			shellScript = "# Type a script or drag a script file from your workspace to insert its path.\nif test -d \"/opt/homebrew/bin/\"; then\n  PATH=\"/opt/homebrew/bin/:${PATH}\"\nfi\n\nexport PATH\nswiftgen\n";
		};
/* End PBXShellScriptBuildPhase section */

/* Begin PBXSourcesBuildPhase section */
		E5339D0A285B3FEE000419EC /* Sources */ = {
			isa = PBXSourcesBuildPhase;
			buildActionMask = 2147483647;
			files = (
				E5CDFA50285B567E00D00B88 /* AppNavigationController.swift in Sources */,
				E5258D9B285CA29400B12CFF /* AlbumModel.swift in Sources */,
				E5258DB9285D2AED00B12CFF /* AlbumAPIs+Network.swift in Sources */,
				E5CDFAA4285BD4C000D00B88 /* ProfileAPIs.swift in Sources */,
				E5CDFA54285B572F00D00B88 /* SplashVC.swift in Sources */,
				E5258D93285C9F2200B12CFF /* ProfileTableViewCell.swift in Sources */,
				E5CDFA44285B497C00D00B88 /* NotificationName+Extension.swift in Sources */,
				E5CDFA47285B4A0700D00B88 /* VCsContainer.swift in Sources */,
				E5CDFA4A285B4A3A00D00B88 /* Assembler.swift in Sources */,
				E5258DA3285D067B00B12CFF /* UIView+Extensoin.swift in Sources */,
				E5258DAD285D0EE000B12CFF /* AlbumDetailsVM.swift in Sources */,
				E5339D12285B3FEE000419EC /* AppDelegate.swift in Sources */,
				E5CDFA85285BC41200D00B88 /* NoInternetView.swift in Sources */,
				E5258D8C285C93C900B12CFF /* ProfileVC.swift in Sources */,
				E5CDFAAA285BD5F400D00B88 /* ProfileAPIs+Network.swift in Sources */,
				E5CDFA57285B57F800D00B88 /* AppAssembly.swift in Sources */,
				E5258D89285C93B500B12CFF /* ProfileVM.swift in Sources */,
				E5258D85285C7EBE00B12CFF /* ProfileModel.swift in Sources */,
				E5258D9F285CB34800B12CFF /* ProfileHeaderView.swift in Sources */,
				E5258DB2285D0F0400B12CFF /* AlbumDetailsVC.swift in Sources */,
				E5CDFA62285B64B100D00B88 /* BaseVM.swift in Sources */,
				E5CDFA92285BC9EC00D00B88 /* NetworkManager.swift in Sources */,
				E5258DAF285D0EEA00B12CFF /* AlbumDetailsModel.swift in Sources */,
				E5CDFAA6285BD4CD00D00B88 /* AlbumsAPIs.swift in Sources */,
				E5CDFA5E285B63D600D00B88 /* BaseVC.swift in Sources */,
				E5CDFA4E285B4A5D00D00B88 /* ProfileAssembly.swift in Sources */,
				E5339D14285B3FEE000419EC /* SceneDelegate.swift in Sources */,
				E5CDFA31285B413900D00B88 /* Assets.swift in Sources */,
				E5CDFA9D285BCED300D00B88 /* NetworkDefaults.swift in Sources */,
				E5CDFAA1285BD0EF00D00B88 /* NetworkManager+Extension.swift in Sources */,
				E5CDFA9B285BCD5F00D00B88 /* ErrorHandler.swift in Sources */,
				E5CDFA3A285B480700D00B88 /* AppManager.swift in Sources */,
				E5CDFA8A285BC58700D00B88 /* Loader.swift in Sources */,
			);
			runOnlyForDeploymentPostprocessing = 0;
		};
		E5339D20285B3FEF000419EC /* Sources */ = {
			isa = PBXSourcesBuildPhase;
			buildActionMask = 2147483647;
			files = (
				E5339D29285B3FEF000419EC /* BostaTaskTests.swift in Sources */,
			);
			runOnlyForDeploymentPostprocessing = 0;
		};
		E5339D2A285B3FEF000419EC /* Sources */ = {
			isa = PBXSourcesBuildPhase;
			buildActionMask = 2147483647;
			files = (
				E5339D33285B3FEF000419EC /* BostaTaskUITests.swift in Sources */,
				E5339D35285B3FEF000419EC /* BostaTaskUITestsLaunchTests.swift in Sources */,
			);
			runOnlyForDeploymentPostprocessing = 0;
		};
/* End PBXSourcesBuildPhase section */

/* Begin PBXTargetDependency section */
		E5339D26285B3FEF000419EC /* PBXTargetDependency */ = {
			isa = PBXTargetDependency;
			target = E5339D0D285B3FEE000419EC /* BostaTask */;
			targetProxy = E5339D25285B3FEF000419EC /* PBXContainerItemProxy */;
		};
		E5339D30285B3FEF000419EC /* PBXTargetDependency */ = {
			isa = PBXTargetDependency;
			target = E5339D0D285B3FEE000419EC /* BostaTask */;
			targetProxy = E5339D2F285B3FEF000419EC /* PBXContainerItemProxy */;
		};
/* End PBXTargetDependency section */

/* Begin PBXVariantGroup section */
		E5339D1C285B3FEF000419EC /* LaunchScreen.storyboard */ = {
			isa = PBXVariantGroup;
			children = (
				E5339D1D285B3FEF000419EC /* Base */,
			);
			name = LaunchScreen.storyboard;
			sourceTree = "<group>";
		};
		E5CDFA80285BC41200D00B88 /* NoInternetView.xib */ = {
			isa = PBXVariantGroup;
			children = (
				E5CDFA81285BC41200D00B88 /* Base */,
			);
			name = NoInternetView.xib;
			sourceTree = "<group>";
		};
/* End PBXVariantGroup section */

/* Begin XCBuildConfiguration section */
		E5339D36285B3FEF000419EC /* Debug */ = {
			isa = XCBuildConfiguration;
			buildSettings = {
				ALWAYS_SEARCH_USER_PATHS = NO;
				CLANG_ANALYZER_NONNULL = YES;
				CLANG_ANALYZER_NUMBER_OBJECT_CONVERSION = YES_AGGRESSIVE;
				CLANG_CXX_LANGUAGE_STANDARD = "gnu++17";
				CLANG_ENABLE_MODULES = YES;
				CLANG_ENABLE_OBJC_ARC = YES;
				CLANG_ENABLE_OBJC_WEAK = YES;
				CLANG_WARN_BLOCK_CAPTURE_AUTORELEASING = YES;
				CLANG_WARN_BOOL_CONVERSION = YES;
				CLANG_WARN_COMMA = YES;
				CLANG_WARN_CONSTANT_CONVERSION = YES;
				CLANG_WARN_DEPRECATED_OBJC_IMPLEMENTATIONS = YES;
				CLANG_WARN_DIRECT_OBJC_ISA_USAGE = YES_ERROR;
				CLANG_WARN_DOCUMENTATION_COMMENTS = YES;
				CLANG_WARN_EMPTY_BODY = YES;
				CLANG_WARN_ENUM_CONVERSION = YES;
				CLANG_WARN_INFINITE_RECURSION = YES;
				CLANG_WARN_INT_CONVERSION = YES;
				CLANG_WARN_NON_LITERAL_NULL_CONVERSION = YES;
				CLANG_WARN_OBJC_IMPLICIT_RETAIN_SELF = YES;
				CLANG_WARN_OBJC_LITERAL_CONVERSION = YES;
				CLANG_WARN_OBJC_ROOT_CLASS = YES_ERROR;
				CLANG_WARN_QUOTED_INCLUDE_IN_FRAMEWORK_HEADER = YES;
				CLANG_WARN_RANGE_LOOP_ANALYSIS = YES;
				CLANG_WARN_STRICT_PROTOTYPES = YES;
				CLANG_WARN_SUSPICIOUS_MOVE = YES;
				CLANG_WARN_UNGUARDED_AVAILABILITY = YES_AGGRESSIVE;
				CLANG_WARN_UNREACHABLE_CODE = YES;
				CLANG_WARN__DUPLICATE_METHOD_MATCH = YES;
				COPY_PHASE_STRIP = NO;
				DEBUG_INFORMATION_FORMAT = dwarf;
				ENABLE_STRICT_OBJC_MSGSEND = YES;
				ENABLE_TESTABILITY = YES;
				GCC_C_LANGUAGE_STANDARD = gnu11;
				GCC_DYNAMIC_NO_PIC = NO;
				GCC_NO_COMMON_BLOCKS = YES;
				GCC_OPTIMIZATION_LEVEL = 0;
				GCC_PREPROCESSOR_DEFINITIONS = (
					"DEBUG=1",
					"$(inherited)",
				);
				GCC_WARN_64_TO_32_BIT_CONVERSION = YES;
				GCC_WARN_ABOUT_RETURN_TYPE = YES_ERROR;
				GCC_WARN_UNDECLARED_SELECTOR = YES;
				GCC_WARN_UNINITIALIZED_AUTOS = YES_AGGRESSIVE;
				GCC_WARN_UNUSED_FUNCTION = YES;
				GCC_WARN_UNUSED_VARIABLE = YES;
				IPHONEOS_DEPLOYMENT_TARGET = 13.0;
				MTL_ENABLE_DEBUG_INFO = INCLUDE_SOURCE;
				MTL_FAST_MATH = YES;
				ONLY_ACTIVE_ARCH = YES;
				SDKROOT = iphoneos;
				SWIFT_ACTIVE_COMPILATION_CONDITIONS = DEBUG;
				SWIFT_OPTIMIZATION_LEVEL = "-Onone";
			};
			name = Debug;
		};
		E5339D37285B3FEF000419EC /* Release */ = {
			isa = XCBuildConfiguration;
			buildSettings = {
				ALWAYS_SEARCH_USER_PATHS = NO;
				CLANG_ANALYZER_NONNULL = YES;
				CLANG_ANALYZER_NUMBER_OBJECT_CONVERSION = YES_AGGRESSIVE;
				CLANG_CXX_LANGUAGE_STANDARD = "gnu++17";
				CLANG_ENABLE_MODULES = YES;
				CLANG_ENABLE_OBJC_ARC = YES;
				CLANG_ENABLE_OBJC_WEAK = YES;
				CLANG_WARN_BLOCK_CAPTURE_AUTORELEASING = YES;
				CLANG_WARN_BOOL_CONVERSION = YES;
				CLANG_WARN_COMMA = YES;
				CLANG_WARN_CONSTANT_CONVERSION = YES;
				CLANG_WARN_DEPRECATED_OBJC_IMPLEMENTATIONS = YES;
				CLANG_WARN_DIRECT_OBJC_ISA_USAGE = YES_ERROR;
				CLANG_WARN_DOCUMENTATION_COMMENTS = YES;
				CLANG_WARN_EMPTY_BODY = YES;
				CLANG_WARN_ENUM_CONVERSION = YES;
				CLANG_WARN_INFINITE_RECURSION = YES;
				CLANG_WARN_INT_CONVERSION = YES;
				CLANG_WARN_NON_LITERAL_NULL_CONVERSION = YES;
				CLANG_WARN_OBJC_IMPLICIT_RETAIN_SELF = YES;
				CLANG_WARN_OBJC_LITERAL_CONVERSION = YES;
				CLANG_WARN_OBJC_ROOT_CLASS = YES_ERROR;
				CLANG_WARN_QUOTED_INCLUDE_IN_FRAMEWORK_HEADER = YES;
				CLANG_WARN_RANGE_LOOP_ANALYSIS = YES;
				CLANG_WARN_STRICT_PROTOTYPES = YES;
				CLANG_WARN_SUSPICIOUS_MOVE = YES;
				CLANG_WARN_UNGUARDED_AVAILABILITY = YES_AGGRESSIVE;
				CLANG_WARN_UNREACHABLE_CODE = YES;
				CLANG_WARN__DUPLICATE_METHOD_MATCH = YES;
				COPY_PHASE_STRIP = NO;
				DEBUG_INFORMATION_FORMAT = "dwarf-with-dsym";
				ENABLE_NS_ASSERTIONS = NO;
				ENABLE_STRICT_OBJC_MSGSEND = YES;
				GCC_C_LANGUAGE_STANDARD = gnu11;
				GCC_NO_COMMON_BLOCKS = YES;
				GCC_WARN_64_TO_32_BIT_CONVERSION = YES;
				GCC_WARN_ABOUT_RETURN_TYPE = YES_ERROR;
				GCC_WARN_UNDECLARED_SELECTOR = YES;
				GCC_WARN_UNINITIALIZED_AUTOS = YES_AGGRESSIVE;
				GCC_WARN_UNUSED_FUNCTION = YES;
				GCC_WARN_UNUSED_VARIABLE = YES;
				IPHONEOS_DEPLOYMENT_TARGET = 13.0;
				MTL_ENABLE_DEBUG_INFO = NO;
				MTL_FAST_MATH = YES;
				SDKROOT = iphoneos;
				SWIFT_COMPILATION_MODE = wholemodule;
				SWIFT_OPTIMIZATION_LEVEL = "-O";
				VALIDATE_PRODUCT = YES;
			};
			name = Release;
		};
		E5339D39285B3FEF000419EC /* Debug */ = {
			isa = XCBuildConfiguration;
			buildSettings = {
				ASSETCATALOG_COMPILER_APPICON_NAME = AppIcon;
				ASSETCATALOG_COMPILER_GLOBAL_ACCENT_COLOR_NAME = AccentColor;
				CODE_SIGN_STYLE = Automatic;
				CURRENT_PROJECT_VERSION = 1;
				DEVELOPMENT_TEAM = H9A2T32256;
				GENERATE_INFOPLIST_FILE = YES;
				INFOPLIST_FILE = "BostaTask/Supporting Files/Info.plist";
				INFOPLIST_KEY_UIApplicationSupportsIndirectInputEvents = YES;
				INFOPLIST_KEY_UILaunchStoryboardName = LaunchScreen;
				INFOPLIST_KEY_UISupportedInterfaceOrientations_iPad = "UIInterfaceOrientationPortrait UIInterfaceOrientationPortraitUpsideDown UIInterfaceOrientationLandscapeLeft UIInterfaceOrientationLandscapeRight";
				INFOPLIST_KEY_UISupportedInterfaceOrientations_iPhone = "UIInterfaceOrientationPortrait UIInterfaceOrientationLandscapeLeft UIInterfaceOrientationLandscapeRight";
				LD_RUNPATH_SEARCH_PATHS = (
					"$(inherited)",
					"@executable_path/Frameworks",
				);
				MARKETING_VERSION = 1.0;
				PRODUCT_BUNDLE_IDENTIFIER = com.bosta.BostaTask;
				PRODUCT_NAME = "$(TARGET_NAME)";
				SWIFT_EMIT_LOC_STRINGS = YES;
				SWIFT_VERSION = 5.0;
				TARGETED_DEVICE_FAMILY = "1,2";
			};
			name = Debug;
		};
		E5339D3A285B3FEF000419EC /* Release */ = {
			isa = XCBuildConfiguration;
			buildSettings = {
				ASSETCATALOG_COMPILER_APPICON_NAME = AppIcon;
				ASSETCATALOG_COMPILER_GLOBAL_ACCENT_COLOR_NAME = AccentColor;
				CODE_SIGN_STYLE = Automatic;
				CURRENT_PROJECT_VERSION = 1;
				DEVELOPMENT_TEAM = H9A2T32256;
				GENERATE_INFOPLIST_FILE = YES;
				INFOPLIST_FILE = "BostaTask/Supporting Files/Info.plist";
				INFOPLIST_KEY_UIApplicationSupportsIndirectInputEvents = YES;
				INFOPLIST_KEY_UILaunchStoryboardName = LaunchScreen;
				INFOPLIST_KEY_UISupportedInterfaceOrientations_iPad = "UIInterfaceOrientationPortrait UIInterfaceOrientationPortraitUpsideDown UIInterfaceOrientationLandscapeLeft UIInterfaceOrientationLandscapeRight";
				INFOPLIST_KEY_UISupportedInterfaceOrientations_iPhone = "UIInterfaceOrientationPortrait UIInterfaceOrientationLandscapeLeft UIInterfaceOrientationLandscapeRight";
				LD_RUNPATH_SEARCH_PATHS = (
					"$(inherited)",
					"@executable_path/Frameworks",
				);
				MARKETING_VERSION = 1.0;
				PRODUCT_BUNDLE_IDENTIFIER = com.bosta.BostaTask;
				PRODUCT_NAME = "$(TARGET_NAME)";
				SWIFT_EMIT_LOC_STRINGS = YES;
				SWIFT_VERSION = 5.0;
				TARGETED_DEVICE_FAMILY = "1,2";
			};
			name = Release;
		};
		E5339D3C285B3FEF000419EC /* Debug */ = {
			isa = XCBuildConfiguration;
			buildSettings = {
				ALWAYS_EMBED_SWIFT_STANDARD_LIBRARIES = YES;
				BUNDLE_LOADER = "$(TEST_HOST)";
				CODE_SIGN_STYLE = Automatic;
				CURRENT_PROJECT_VERSION = 1;
				GENERATE_INFOPLIST_FILE = YES;
				IPHONEOS_DEPLOYMENT_TARGET = 15.5;
				MARKETING_VERSION = 1.0;
				PRODUCT_BUNDLE_IDENTIFIER = com.bosta.BostaTaskTests;
				PRODUCT_NAME = "$(TARGET_NAME)";
				SWIFT_EMIT_LOC_STRINGS = NO;
				SWIFT_VERSION = 5.0;
				TARGETED_DEVICE_FAMILY = "1,2";
				TEST_HOST = "$(BUILT_PRODUCTS_DIR)/BostaTask.app/BostaTask";
			};
			name = Debug;
		};
		E5339D3D285B3FEF000419EC /* Release */ = {
			isa = XCBuildConfiguration;
			buildSettings = {
				ALWAYS_EMBED_SWIFT_STANDARD_LIBRARIES = YES;
				BUNDLE_LOADER = "$(TEST_HOST)";
				CODE_SIGN_STYLE = Automatic;
				CURRENT_PROJECT_VERSION = 1;
				GENERATE_INFOPLIST_FILE = YES;
				IPHONEOS_DEPLOYMENT_TARGET = 15.5;
				MARKETING_VERSION = 1.0;
				PRODUCT_BUNDLE_IDENTIFIER = com.bosta.BostaTaskTests;
				PRODUCT_NAME = "$(TARGET_NAME)";
				SWIFT_EMIT_LOC_STRINGS = NO;
				SWIFT_VERSION = 5.0;
				TARGETED_DEVICE_FAMILY = "1,2";
				TEST_HOST = "$(BUILT_PRODUCTS_DIR)/BostaTask.app/BostaTask";
			};
			name = Release;
		};
		E5339D3F285B3FEF000419EC /* Debug */ = {
			isa = XCBuildConfiguration;
			buildSettings = {
				ALWAYS_EMBED_SWIFT_STANDARD_LIBRARIES = YES;
				CODE_SIGN_STYLE = Automatic;
				CURRENT_PROJECT_VERSION = 1;
				GENERATE_INFOPLIST_FILE = YES;
				MARKETING_VERSION = 1.0;
				PRODUCT_BUNDLE_IDENTIFIER = com.bosta.BostaTaskUITests;
				PRODUCT_NAME = "$(TARGET_NAME)";
				SWIFT_EMIT_LOC_STRINGS = NO;
				SWIFT_VERSION = 5.0;
				TARGETED_DEVICE_FAMILY = "1,2";
				TEST_TARGET_NAME = BostaTask;
			};
			name = Debug;
		};
		E5339D40285B3FEF000419EC /* Release */ = {
			isa = XCBuildConfiguration;
			buildSettings = {
				ALWAYS_EMBED_SWIFT_STANDARD_LIBRARIES = YES;
				CODE_SIGN_STYLE = Automatic;
				CURRENT_PROJECT_VERSION = 1;
				GENERATE_INFOPLIST_FILE = YES;
				MARKETING_VERSION = 1.0;
				PRODUCT_BUNDLE_IDENTIFIER = com.bosta.BostaTaskUITests;
				PRODUCT_NAME = "$(TARGET_NAME)";
				SWIFT_EMIT_LOC_STRINGS = NO;
				SWIFT_VERSION = 5.0;
				TARGETED_DEVICE_FAMILY = "1,2";
				TEST_TARGET_NAME = BostaTask;
			};
			name = Release;
		};
/* End XCBuildConfiguration section */

/* Begin XCConfigurationList section */
		E5339D09285B3FEE000419EC /* Build configuration list for PBXProject "BostaTask" */ = {
			isa = XCConfigurationList;
			buildConfigurations = (
				E5339D36285B3FEF000419EC /* Debug */,
				E5339D37285B3FEF000419EC /* Release */,
			);
			defaultConfigurationIsVisible = 0;
			defaultConfigurationName = Release;
		};
		E5339D38285B3FEF000419EC /* Build configuration list for PBXNativeTarget "BostaTask" */ = {
			isa = XCConfigurationList;
			buildConfigurations = (
				E5339D39285B3FEF000419EC /* Debug */,
				E5339D3A285B3FEF000419EC /* Release */,
			);
			defaultConfigurationIsVisible = 0;
			defaultConfigurationName = Release;
		};
		E5339D3B285B3FEF000419EC /* Build configuration list for PBXNativeTarget "BostaTaskTests" */ = {
			isa = XCConfigurationList;
			buildConfigurations = (
				E5339D3C285B3FEF000419EC /* Debug */,
				E5339D3D285B3FEF000419EC /* Release */,
			);
			defaultConfigurationIsVisible = 0;
			defaultConfigurationName = Release;
		};
		E5339D3E285B3FEF000419EC /* Build configuration list for PBXNativeTarget "BostaTaskUITests" */ = {
			isa = XCConfigurationList;
			buildConfigurations = (
				E5339D3F285B3FEF000419EC /* Debug */,
				E5339D40285B3FEF000419EC /* Release */,
			);
			defaultConfigurationIsVisible = 0;
			defaultConfigurationName = Release;
		};
/* End XCConfigurationList section */

/* Begin XCRemoteSwiftPackageReference section */
		E5CDFA73285BC09A00D00B88 /* XCRemoteSwiftPackageReference "Reachability" */ = {
			isa = XCRemoteSwiftPackageReference;
			repositoryURL = "https://github.com/ashleymills/Reachability.swift";
			requirement = {
				branch = master;
				kind = branch;
			};
		};
		E5CDFA76285BC0B900D00B88 /* XCRemoteSwiftPackageReference "Swinject" */ = {
			isa = XCRemoteSwiftPackageReference;
			repositoryURL = "https://github.com/Swinject/Swinject";
			requirement = {
				branch = master;
				kind = branch;
			};
		};
		E5CDFA79285BC14600D00B88 /* XCRemoteSwiftPackageReference "SwiftMessages" */ = {
			isa = XCRemoteSwiftPackageReference;
			repositoryURL = "https://github.com/SwiftKickMobile/SwiftMessages";
			requirement = {
				branch = master;
				kind = branch;
			};
		};
		E5CDFA96285BCC6100D00B88 /* XCRemoteSwiftPackageReference "Moya" */ = {
			isa = XCRemoteSwiftPackageReference;
			repositoryURL = "https://github.com/Moya/Moya";
			requirement = {
				branch = master;
				kind = branch;
			};
		};
/* End XCRemoteSwiftPackageReference section */

/* Begin XCSwiftPackageProductDependency section */
		E5CDFA74285BC09A00D00B88 /* Reachability */ = {
			isa = XCSwiftPackageProductDependency;
			package = E5CDFA73285BC09A00D00B88 /* XCRemoteSwiftPackageReference "Reachability" */;
			productName = Reachability;
		};
		E5CDFA77285BC0B900D00B88 /* Swinject */ = {
			isa = XCSwiftPackageProductDependency;
			package = E5CDFA76285BC0B900D00B88 /* XCRemoteSwiftPackageReference "Swinject" */;
			productName = Swinject;
		};
		E5CDFA7A285BC14600D00B88 /* SwiftMessages */ = {
			isa = XCSwiftPackageProductDependency;
			package = E5CDFA79285BC14600D00B88 /* XCRemoteSwiftPackageReference "SwiftMessages" */;
			productName = SwiftMessages;
		};
		E5CDFA97285BCC6100D00B88 /* Moya */ = {
			isa = XCSwiftPackageProductDependency;
			package = E5CDFA96285BCC6100D00B88 /* XCRemoteSwiftPackageReference "Moya" */;
			productName = Moya;
		};
/* End XCSwiftPackageProductDependency section */
	};
	rootObject = E5339D06285B3FED000419EC /* Project object */;
}
